// !$*UTF8*$!
{
	archiveVersion = 1;
	classes = {
	};
	objectVersion = 55;
	objects = {

/* Begin PBXBuildFile section */
		08A4754E284F566A00C0FEFF /* AppDelegate.swift in Sources */ = {isa = PBXBuildFile; fileRef = 08A4754D284F566A00C0FEFF /* AppDelegate.swift */; };
		08A47550284F566A00C0FEFF /* SceneDelegate.swift in Sources */ = {isa = PBXBuildFile; fileRef = 08A4754F284F566A00C0FEFF /* SceneDelegate.swift */; };
		08A47552284F566A00C0FEFF /* ViewController.swift in Sources */ = {isa = PBXBuildFile; fileRef = 08A47551284F566A00C0FEFF /* ViewController.swift */; };
		08A47555284F566A00C0FEFF /* Main.storyboard in Resources */ = {isa = PBXBuildFile; fileRef = 08A47553284F566A00C0FEFF /* Main.storyboard */; };
		08A47558284F566A00C0FEFF /* NaverMovieSearch.xcdatamodeld in Sources */ = {isa = PBXBuildFile; fileRef = 08A47556284F566A00C0FEFF /* NaverMovieSearch.xcdatamodeld */; };
		08A4755A284F566C00C0FEFF /* Assets.xcassets in Resources */ = {isa = PBXBuildFile; fileRef = 08A47559284F566C00C0FEFF /* Assets.xcassets */; };
		08A4755D284F566C00C0FEFF /* LaunchScreen.storyboard in Resources */ = {isa = PBXBuildFile; fileRef = 08A4755B284F566C00C0FEFF /* LaunchScreen.storyboard */; };
		08A4756F284F59A700C0FEFF /* MovieSearchResponseDTO+Mapping.swift in Sources */ = {isa = PBXBuildFile; fileRef = 08A4756E284F59A700C0FEFF /* MovieSearchResponseDTO+Mapping.swift */; };
		08B3A5DB28503FD4007858B9 /* RxCocoa in Frameworks */ = {isa = PBXBuildFile; productRef = 08B3A5DA28503FD4007858B9 /* RxCocoa */; };
		08B3A5DD28503FD4007858B9 /* RxRelay in Frameworks */ = {isa = PBXBuildFile; productRef = 08B3A5DC28503FD4007858B9 /* RxRelay */; };
		08B3A5DF28503FD5007858B9 /* RxSwift in Frameworks */ = {isa = PBXBuildFile; productRef = 08B3A5DE28503FD5007858B9 /* RxSwift */; };
		08B3A5E328504091007858B9 /* HttpNetwork.swift in Sources */ = {isa = PBXBuildFile; fileRef = 08B3A5E228504091007858B9 /* HttpNetwork.swift */; };
		08B3A5E5285040B7007858B9 /* APIProtocol.swift in Sources */ = {isa = PBXBuildFile; fileRef = 08B3A5E4285040B7007858B9 /* APIProtocol.swift */; };
		08B3A5E828504174007858B9 /* HttpNetworkError.swift in Sources */ = {isa = PBXBuildFile; fileRef = 08B3A5E728504174007858B9 /* HttpNetworkError.swift */; };
		08B3A5EB28504625007858B9 /* MovieSearchAPI.swift in Sources */ = {isa = PBXBuildFile; fileRef = 08B3A5EA28504625007858B9 /* MovieSearchAPI.swift */; };
/* End PBXBuildFile section */

/* Begin PBXFileReference section */
		08A4754A284F566A00C0FEFF /* NaverMovieSearch.app */ = {isa = PBXFileReference; explicitFileType = wrapper.application; includeInIndex = 0; path = NaverMovieSearch.app; sourceTree = BUILT_PRODUCTS_DIR; };
		08A4754D284F566A00C0FEFF /* AppDelegate.swift */ = {isa = PBXFileReference; lastKnownFileType = sourcecode.swift; path = AppDelegate.swift; sourceTree = "<group>"; };
		08A4754F284F566A00C0FEFF /* SceneDelegate.swift */ = {isa = PBXFileReference; lastKnownFileType = sourcecode.swift; path = SceneDelegate.swift; sourceTree = "<group>"; };
		08A47551284F566A00C0FEFF /* ViewController.swift */ = {isa = PBXFileReference; lastKnownFileType = sourcecode.swift; path = ViewController.swift; sourceTree = "<group>"; };
		08A47554284F566A00C0FEFF /* Base */ = {isa = PBXFileReference; lastKnownFileType = file.storyboard; name = Base; path = Base.lproj/Main.storyboard; sourceTree = "<group>"; };
		08A47557284F566A00C0FEFF /* NaverMovieSearch.xcdatamodel */ = {isa = PBXFileReference; lastKnownFileType = wrapper.xcdatamodel; path = NaverMovieSearch.xcdatamodel; sourceTree = "<group>"; };
		08A47559284F566C00C0FEFF /* Assets.xcassets */ = {isa = PBXFileReference; lastKnownFileType = folder.assetcatalog; path = Assets.xcassets; sourceTree = "<group>"; };
		08A4755C284F566C00C0FEFF /* Base */ = {isa = PBXFileReference; lastKnownFileType = file.storyboard; name = Base; path = Base.lproj/LaunchScreen.storyboard; sourceTree = "<group>"; };
		08A4755E284F566C00C0FEFF /* Info.plist */ = {isa = PBXFileReference; lastKnownFileType = text.plist.xml; path = Info.plist; sourceTree = "<group>"; };
		08A4756E284F59A700C0FEFF /* MovieSearchResponseDTO+Mapping.swift */ = {isa = PBXFileReference; lastKnownFileType = sourcecode.swift; path = "MovieSearchResponseDTO+Mapping.swift"; sourceTree = "<group>"; };
		08B3A5E228504091007858B9 /* HttpNetwork.swift */ = {isa = PBXFileReference; lastKnownFileType = sourcecode.swift; path = HttpNetwork.swift; sourceTree = "<group>"; };
		08B3A5E4285040B7007858B9 /* APIProtocol.swift */ = {isa = PBXFileReference; lastKnownFileType = sourcecode.swift; path = APIProtocol.swift; sourceTree = "<group>"; };
		08B3A5E728504174007858B9 /* HttpNetworkError.swift */ = {isa = PBXFileReference; lastKnownFileType = sourcecode.swift; path = HttpNetworkError.swift; sourceTree = "<group>"; };
		08B3A5EA28504625007858B9 /* MovieSearchAPI.swift */ = {isa = PBXFileReference; lastKnownFileType = sourcecode.swift; path = MovieSearchAPI.swift; sourceTree = "<group>"; };
/* End PBXFileReference section */

/* Begin PBXFrameworksBuildPhase section */
		08A47547284F566A00C0FEFF /* Frameworks */ = {
			isa = PBXFrameworksBuildPhase;
			buildActionMask = 2147483647;
			files = (
				08B3A5DF28503FD5007858B9 /* RxSwift in Frameworks */,
				08B3A5DD28503FD4007858B9 /* RxRelay in Frameworks */,
				08B3A5DB28503FD4007858B9 /* RxCocoa in Frameworks */,
			);
			runOnlyForDeploymentPostprocessing = 0;
		};
/* End PBXFrameworksBuildPhase section */

/* Begin PBXGroup section */
		08A47541284F566A00C0FEFF = {
			isa = PBXGroup;
			children = (
				08A4754C284F566A00C0FEFF /* NaverMovieSearch */,
				08A4754B284F566A00C0FEFF /* Products */,
			);
			sourceTree = "<group>";
		};
		08A4754B284F566A00C0FEFF /* Products */ = {
			isa = PBXGroup;
			children = (
				08A4754A284F566A00C0FEFF /* NaverMovieSearch.app */,
			);
			name = Products;
			sourceTree = "<group>";
		};
		08A4754C284F566A00C0FEFF /* NaverMovieSearch */ = {
			isa = PBXGroup;
			children = (
				08A4756B284F591000C0FEFF /* Data */,
				08A47566284F575700C0FEFF /* Presentation */,
				08A47565284F573000C0FEFF /* Resource */,
				08A47564284F571A00C0FEFF /* Application */,
			);
			path = NaverMovieSearch;
			sourceTree = "<group>";
		};
		08A47564284F571A00C0FEFF /* Application */ = {
			isa = PBXGroup;
			children = (
				08A4754F284F566A00C0FEFF /* SceneDelegate.swift */,
				08A4754D284F566A00C0FEFF /* AppDelegate.swift */,
			);
			path = Application;
			sourceTree = "<group>";
		};
		08A47565284F573000C0FEFF /* Resource */ = {
			isa = PBXGroup;
			children = (
				08A4755B284F566C00C0FEFF /* LaunchScreen.storyboard */,
				08A47556284F566A00C0FEFF /* NaverMovieSearch.xcdatamodeld */,
				08A4755E284F566C00C0FEFF /* Info.plist */,
				08A47559284F566C00C0FEFF /* Assets.xcassets */,
			);
			path = Resource;
			sourceTree = "<group>";
		};
		08A47566284F575700C0FEFF /* Presentation */ = {
			isa = PBXGroup;
			children = (
				08A47567284F575F00C0FEFF /* Scene */,
			);
			path = Presentation;
			sourceTree = "<group>";
		};
		08A47567284F575F00C0FEFF /* Scene */ = {
			isa = PBXGroup;
			children = (
				08A47568284F576800C0FEFF /* MovieSearchList */,
			);
			path = Scene;
			sourceTree = "<group>";
		};
		08A47568284F576800C0FEFF /* MovieSearchList */ = {
			isa = PBXGroup;
			children = (
				08A4756A284F578100C0FEFF /* ViewModel */,
				08A47569284F577C00C0FEFF /* View */,
			);
			path = MovieSearchList;
			sourceTree = "<group>";
		};
		08A47569284F577C00C0FEFF /* View */ = {
			isa = PBXGroup;
			children = (
				08A47551284F566A00C0FEFF /* ViewController.swift */,
				08A47553284F566A00C0FEFF /* Main.storyboard */,
			);
			path = View;
			sourceTree = "<group>";
		};
		08A4756A284F578100C0FEFF /* ViewModel */ = {
			isa = PBXGroup;
			children = (
			);
			path = ViewModel;
			sourceTree = "<group>";
		};
		08A4756B284F591000C0FEFF /* Data */ = {
			isa = PBXGroup;
			children = (
				08B3A5E028504013007858B9 /* Network */,
				08A4756C284F591600C0FEFF /* NetworkDTO */,
			);
			path = Data;
			sourceTree = "<group>";
		};
		08A4756C284F591600C0FEFF /* NetworkDTO */ = {
			isa = PBXGroup;
			children = (
				08A4756E284F59A700C0FEFF /* MovieSearchResponseDTO+Mapping.swift */,
			);
			path = NetworkDTO;
			sourceTree = "<group>";
		};
		08B3A5E028504013007858B9 /* Network */ = {
			isa = PBXGroup;
			children = (
				08B3A5E928504612007858B9 /* API */,
				08B3A5E128504019007858B9 /* HTTP */,
			);
			path = Network;
			sourceTree = "<group>";
		};
		08B3A5E128504019007858B9 /* HTTP */ = {
			isa = PBXGroup;
			children = (
				08B3A5E228504091007858B9 /* HttpNetwork.swift */,
				08B3A5E62850415C007858B9 /* Error */,
			);
			path = HTTP;
			sourceTree = "<group>";
		};
		08B3A5E62850415C007858B9 /* Error */ = {
			isa = PBXGroup;
			children = (
				08B3A5E728504174007858B9 /* HttpNetworkError.swift */,
			);
			path = Error;
			sourceTree = "<group>";
		};
		08B3A5E928504612007858B9 /* API */ = {
			isa = PBXGroup;
			children = (
				08B3A5E4285040B7007858B9 /* APIProtocol.swift */,
				08B3A5EA28504625007858B9 /* MovieSearchAPI.swift */,
			);
			path = API;
			sourceTree = "<group>";
		};
/* End PBXGroup section */

/* Begin PBXNativeTarget section */
		08A47549284F566A00C0FEFF /* NaverMovieSearch */ = {
			isa = PBXNativeTarget;
			buildConfigurationList = 08A47561284F566C00C0FEFF /* Build configuration list for PBXNativeTarget "NaverMovieSearch" */;
			buildPhases = (
				08A47546284F566A00C0FEFF /* Sources */,
				08A47547284F566A00C0FEFF /* Frameworks */,
				08A47548284F566A00C0FEFF /* Resources */,
			);
			buildRules = (
			);
			dependencies = (
			);
			name = NaverMovieSearch;
			packageProductDependencies = (
				08B3A5DA28503FD4007858B9 /* RxCocoa */,
				08B3A5DC28503FD4007858B9 /* RxRelay */,
				08B3A5DE28503FD5007858B9 /* RxSwift */,
			);
			productName = NaverMovieSearch;
			productReference = 08A4754A284F566A00C0FEFF /* NaverMovieSearch.app */;
			productType = "com.apple.product-type.application";
		};
/* End PBXNativeTarget section */

/* Begin PBXProject section */
		08A47542284F566A00C0FEFF /* Project object */ = {
			isa = PBXProject;
			attributes = {
				BuildIndependentTargetsInParallel = 1;
				LastSwiftUpdateCheck = 1320;
				LastUpgradeCheck = 1320;
				TargetAttributes = {
					08A47549284F566A00C0FEFF = {
						CreatedOnToolsVersion = 13.2.1;
					};
				};
			};
			buildConfigurationList = 08A47545284F566A00C0FEFF /* Build configuration list for PBXProject "NaverMovieSearch" */;
			compatibilityVersion = "Xcode 13.0";
			developmentRegion = en;
			hasScannedForEncodings = 0;
			knownRegions = (
				en,
				Base,
			);
			mainGroup = 08A47541284F566A00C0FEFF;
			packageReferences = (
				08B3A5D928503FD4007858B9 /* XCRemoteSwiftPackageReference "RxSwift" */,
			);
			productRefGroup = 08A4754B284F566A00C0FEFF /* Products */;
			projectDirPath = "";
			projectRoot = "";
			targets = (
				08A47549284F566A00C0FEFF /* NaverMovieSearch */,
			);
		};
/* End PBXProject section */

/* Begin PBXResourcesBuildPhase section */
		08A47548284F566A00C0FEFF /* Resources */ = {
			isa = PBXResourcesBuildPhase;
			buildActionMask = 2147483647;
			files = (
				08A4755D284F566C00C0FEFF /* LaunchScreen.storyboard in Resources */,
				08A4755A284F566C00C0FEFF /* Assets.xcassets in Resources */,
				08A47555284F566A00C0FEFF /* Main.storyboard in Resources */,
			);
			runOnlyForDeploymentPostprocessing = 0;
		};
/* End PBXResourcesBuildPhase section */

/* Begin PBXSourcesBuildPhase section */
		08A47546284F566A00C0FEFF /* Sources */ = {
			isa = PBXSourcesBuildPhase;
			buildActionMask = 2147483647;
			files = (
				08B3A5E328504091007858B9 /* HttpNetwork.swift in Sources */,
				08A47552284F566A00C0FEFF /* ViewController.swift in Sources */,
				08A4756F284F59A700C0FEFF /* MovieSearchResponseDTO+Mapping.swift in Sources */,
				08A4754E284F566A00C0FEFF /* AppDelegate.swift in Sources */,
				08B3A5EB28504625007858B9 /* MovieSearchAPI.swift in Sources */,
				08B3A5E5285040B7007858B9 /* APIProtocol.swift in Sources */,
				08B3A5E828504174007858B9 /* HttpNetworkError.swift in Sources */,
				08A47550284F566A00C0FEFF /* SceneDelegate.swift in Sources */,
				08A47558284F566A00C0FEFF /* NaverMovieSearch.xcdatamodeld in Sources */,
			);
			runOnlyForDeploymentPostprocessing = 0;
		};
/* End PBXSourcesBuildPhase section */

/* Begin PBXVariantGroup section */
		08A47553284F566A00C0FEFF /* Main.storyboard */ = {
			isa = PBXVariantGroup;
			children = (
				08A47554284F566A00C0FEFF /* Base */,
			);
			name = Main.storyboard;
			sourceTree = "<group>";
		};
		08A4755B284F566C00C0FEFF /* LaunchScreen.storyboard */ = {
			isa = PBXVariantGroup;
			children = (
				08A4755C284F566C00C0FEFF /* Base */,
			);
			name = LaunchScreen.storyboard;
			sourceTree = "<group>";
		};
/* End PBXVariantGroup section */

/* Begin XCBuildConfiguration section */
		08A4755F284F566C00C0FEFF /* Debug */ = {
			isa = XCBuildConfiguration;
			buildSettings = {
				ALWAYS_SEARCH_USER_PATHS = NO;
				CLANG_ANALYZER_NONNULL = YES;
				CLANG_ANALYZER_NUMBER_OBJECT_CONVERSION = YES_AGGRESSIVE;
				CLANG_CXX_LANGUAGE_STANDARD = "gnu++17";
				CLANG_CXX_LIBRARY = "libc++";
				CLANG_ENABLE_MODULES = YES;
				CLANG_ENABLE_OBJC_ARC = YES;
				CLANG_ENABLE_OBJC_WEAK = YES;
				CLANG_WARN_BLOCK_CAPTURE_AUTORELEASING = YES;
				CLANG_WARN_BOOL_CONVERSION = YES;
				CLANG_WARN_COMMA = YES;
				CLANG_WARN_CONSTANT_CONVERSION = YES;
				CLANG_WARN_DEPRECATED_OBJC_IMPLEMENTATIONS = YES;
				CLANG_WARN_DIRECT_OBJC_ISA_USAGE = YES_ERROR;
				CLANG_WARN_DOCUMENTATION_COMMENTS = YES;
				CLANG_WARN_EMPTY_BODY = YES;
				CLANG_WARN_ENUM_CONVERSION = YES;
				CLANG_WARN_INFINITE_RECURSION = YES;
				CLANG_WARN_INT_CONVERSION = YES;
				CLANG_WARN_NON_LITERAL_NULL_CONVERSION = YES;
				CLANG_WARN_OBJC_IMPLICIT_RETAIN_SELF = YES;
				CLANG_WARN_OBJC_LITERAL_CONVERSION = YES;
				CLANG_WARN_OBJC_ROOT_CLASS = YES_ERROR;
				CLANG_WARN_QUOTED_INCLUDE_IN_FRAMEWORK_HEADER = YES;
				CLANG_WARN_RANGE_LOOP_ANALYSIS = YES;
				CLANG_WARN_STRICT_PROTOTYPES = YES;
				CLANG_WARN_SUSPICIOUS_MOVE = YES;
				CLANG_WARN_UNGUARDED_AVAILABILITY = YES_AGGRESSIVE;
				CLANG_WARN_UNREACHABLE_CODE = YES;
				CLANG_WARN__DUPLICATE_METHOD_MATCH = YES;
				COPY_PHASE_STRIP = NO;
				DEBUG_INFORMATION_FORMAT = dwarf;
				ENABLE_STRICT_OBJC_MSGSEND = YES;
				ENABLE_TESTABILITY = YES;
				GCC_C_LANGUAGE_STANDARD = gnu11;
				GCC_DYNAMIC_NO_PIC = NO;
				GCC_NO_COMMON_BLOCKS = YES;
				GCC_OPTIMIZATION_LEVEL = 0;
				GCC_PREPROCESSOR_DEFINITIONS = (
					"DEBUG=1",
					"$(inherited)",
				);
				GCC_WARN_64_TO_32_BIT_CONVERSION = YES;
				GCC_WARN_ABOUT_RETURN_TYPE = YES_ERROR;
				GCC_WARN_UNDECLARED_SELECTOR = YES;
				GCC_WARN_UNINITIALIZED_AUTOS = YES_AGGRESSIVE;
				GCC_WARN_UNUSED_FUNCTION = YES;
				GCC_WARN_UNUSED_VARIABLE = YES;
				IPHONEOS_DEPLOYMENT_TARGET = 15.2;
				MTL_ENABLE_DEBUG_INFO = INCLUDE_SOURCE;
				MTL_FAST_MATH = YES;
				ONLY_ACTIVE_ARCH = YES;
				SDKROOT = iphoneos;
				SWIFT_ACTIVE_COMPILATION_CONDITIONS = DEBUG;
				SWIFT_OPTIMIZATION_LEVEL = "-Onone";
			};
			name = Debug;
		};
		08A47560284F566C00C0FEFF /* Release */ = {
			isa = XCBuildConfiguration;
			buildSettings = {
				ALWAYS_SEARCH_USER_PATHS = NO;
				CLANG_ANALYZER_NONNULL = YES;
				CLANG_ANALYZER_NUMBER_OBJECT_CONVERSION = YES_AGGRESSIVE;
				CLANG_CXX_LANGUAGE_STANDARD = "gnu++17";
				CLANG_CXX_LIBRARY = "libc++";
				CLANG_ENABLE_MODULES = YES;
				CLANG_ENABLE_OBJC_ARC = YES;
				CLANG_ENABLE_OBJC_WEAK = YES;
				CLANG_WARN_BLOCK_CAPTURE_AUTORELEASING = YES;
				CLANG_WARN_BOOL_CONVERSION = YES;
				CLANG_WARN_COMMA = YES;
				CLANG_WARN_CONSTANT_CONVERSION = YES;
				CLANG_WARN_DEPRECATED_OBJC_IMPLEMENTATIONS = YES;
				CLANG_WARN_DIRECT_OBJC_ISA_USAGE = YES_ERROR;
				CLANG_WARN_DOCUMENTATION_COMMENTS = YES;
				CLANG_WARN_EMPTY_BODY = YES;
				CLANG_WARN_ENUM_CONVERSION = YES;
				CLANG_WARN_INFINITE_RECURSION = YES;
				CLANG_WARN_INT_CONVERSION = YES;
				CLANG_WARN_NON_LITERAL_NULL_CONVERSION = YES;
				CLANG_WARN_OBJC_IMPLICIT_RETAIN_SELF = YES;
				CLANG_WARN_OBJC_LITERAL_CONVERSION = YES;
				CLANG_WARN_OBJC_ROOT_CLASS = YES_ERROR;
				CLANG_WARN_QUOTED_INCLUDE_IN_FRAMEWORK_HEADER = YES;
				CLANG_WARN_RANGE_LOOP_ANALYSIS = YES;
				CLANG_WARN_STRICT_PROTOTYPES = YES;
				CLANG_WARN_SUSPICIOUS_MOVE = YES;
				CLANG_WARN_UNGUARDED_AVAILABILITY = YES_AGGRESSIVE;
				CLANG_WARN_UNREACHABLE_CODE = YES;
				CLANG_WARN__DUPLICATE_METHOD_MATCH = YES;
				COPY_PHASE_STRIP = NO;
				DEBUG_INFORMATION_FORMAT = "dwarf-with-dsym";
				ENABLE_NS_ASSERTIONS = NO;
				ENABLE_STRICT_OBJC_MSGSEND = YES;
				GCC_C_LANGUAGE_STANDARD = gnu11;
				GCC_NO_COMMON_BLOCKS = YES;
				GCC_WARN_64_TO_32_BIT_CONVERSION = YES;
				GCC_WARN_ABOUT_RETURN_TYPE = YES_ERROR;
				GCC_WARN_UNDECLARED_SELECTOR = YES;
				GCC_WARN_UNINITIALIZED_AUTOS = YES_AGGRESSIVE;
				GCC_WARN_UNUSED_FUNCTION = YES;
				GCC_WARN_UNUSED_VARIABLE = YES;
				IPHONEOS_DEPLOYMENT_TARGET = 15.2;
				MTL_ENABLE_DEBUG_INFO = NO;
				MTL_FAST_MATH = YES;
				SDKROOT = iphoneos;
				SWIFT_COMPILATION_MODE = wholemodule;
				SWIFT_OPTIMIZATION_LEVEL = "-O";
				VALIDATE_PRODUCT = YES;
			};
			name = Release;
		};
		08A47562284F566C00C0FEFF /* Debug */ = {
			isa = XCBuildConfiguration;
			buildSettings = {
				ASSETCATALOG_COMPILER_APPICON_NAME = AppIcon;
				ASSETCATALOG_COMPILER_GLOBAL_ACCENT_COLOR_NAME = AccentColor;
				CODE_SIGN_STYLE = Automatic;
				CURRENT_PROJECT_VERSION = 1;
				DEVELOPMENT_TEAM = XXJA3T7PA3;
				GENERATE_INFOPLIST_FILE = YES;
				INFOPLIST_FILE = NaverMovieSearch/Resource/Info.plist;
				INFOPLIST_KEY_UIApplicationSupportsIndirectInputEvents = YES;
				INFOPLIST_KEY_UILaunchStoryboardName = LaunchScreen;
				INFOPLIST_KEY_UIMainStoryboardFile = Main;
				INFOPLIST_KEY_UISupportedInterfaceOrientations_iPad = "UIInterfaceOrientationPortrait UIInterfaceOrientationPortraitUpsideDown UIInterfaceOrientationLandscapeLeft UIInterfaceOrientationLandscapeRight";
				INFOPLIST_KEY_UISupportedInterfaceOrientations_iPhone = "UIInterfaceOrientationPortrait UIInterfaceOrientationLandscapeLeft UIInterfaceOrientationLandscapeRight";
				LD_RUNPATH_SEARCH_PATHS = (
					"$(inherited)",
					"@executable_path/Frameworks",
				);
				MARKETING_VERSION = 1.0;
				PRODUCT_BUNDLE_IDENTIFIER = heohwang.NaverMovieSearch;
				PRODUCT_NAME = "$(TARGET_NAME)";
				SWIFT_EMIT_LOC_STRINGS = YES;
				SWIFT_VERSION = 5.0;
				TARGETED_DEVICE_FAMILY = "1,2";
			};
			name = Debug;
		};
		08A47563284F566C00C0FEFF /* Release */ = {
			isa = XCBuildConfiguration;
			buildSettings = {
				ASSETCATALOG_COMPILER_APPICON_NAME = AppIcon;
				ASSETCATALOG_COMPILER_GLOBAL_ACCENT_COLOR_NAME = AccentColor;
				CODE_SIGN_STYLE = Automatic;
				CURRENT_PROJECT_VERSION = 1;
				DEVELOPMENT_TEAM = XXJA3T7PA3;
				GENERATE_INFOPLIST_FILE = YES;
				INFOPLIST_FILE = NaverMovieSearch/Resource/Info.plist;
				INFOPLIST_KEY_UIApplicationSupportsIndirectInputEvents = YES;
				INFOPLIST_KEY_UILaunchStoryboardName = LaunchScreen;
				INFOPLIST_KEY_UIMainStoryboardFile = Main;
				INFOPLIST_KEY_UISupportedInterfaceOrientations_iPad = "UIInterfaceOrientationPortrait UIInterfaceOrientationPortraitUpsideDown UIInterfaceOrientationLandscapeLeft UIInterfaceOrientationLandscapeRight";
				INFOPLIST_KEY_UISupportedInterfaceOrientations_iPhone = "UIInterfaceOrientationPortrait UIInterfaceOrientationLandscapeLeft UIInterfaceOrientationLandscapeRight";
				LD_RUNPATH_SEARCH_PATHS = (
					"$(inherited)",
					"@executable_path/Frameworks",
				);
				MARKETING_VERSION = 1.0;
				PRODUCT_BUNDLE_IDENTIFIER = heohwang.NaverMovieSearch;
				PRODUCT_NAME = "$(TARGET_NAME)";
				SWIFT_EMIT_LOC_STRINGS = YES;
				SWIFT_VERSION = 5.0;
				TARGETED_DEVICE_FAMILY = "1,2";
			};
			name = Release;
		};
/* End XCBuildConfiguration section */

/* Begin XCConfigurationList section */
		08A47545284F566A00C0FEFF /* Build configuration list for PBXProject "NaverMovieSearch" */ = {
			isa = XCConfigurationList;
			buildConfigurations = (
				08A4755F284F566C00C0FEFF /* Debug */,
				08A47560284F566C00C0FEFF /* Release */,
			);
			defaultConfigurationIsVisible = 0;
			defaultConfigurationName = Release;
		};
		08A47561284F566C00C0FEFF /* Build configuration list for PBXNativeTarget "NaverMovieSearch" */ = {
			isa = XCConfigurationList;
			buildConfigurations = (
				08A47562284F566C00C0FEFF /* Debug */,
				08A47563284F566C00C0FEFF /* Release */,
			);
			defaultConfigurationIsVisible = 0;
			defaultConfigurationName = Release;
		};
/* End XCConfigurationList section */

/* Begin XCRemoteSwiftPackageReference section */
		08B3A5D928503FD4007858B9 /* XCRemoteSwiftPackageReference "RxSwift" */ = {
			isa = XCRemoteSwiftPackageReference;
			repositoryURL = "https://github.com/ReactiveX/RxSwift";
			requirement = {
				kind = upToNextMajorVersion;
				minimumVersion = 6.0.0;
			};
		};
/* End XCRemoteSwiftPackageReference section */

/* Begin XCSwiftPackageProductDependency section */
		08B3A5DA28503FD4007858B9 /* RxCocoa */ = {
			isa = XCSwiftPackageProductDependency;
			package = 08B3A5D928503FD4007858B9 /* XCRemoteSwiftPackageReference "RxSwift" */;
			productName = RxCocoa;
		};
		08B3A5DC28503FD4007858B9 /* RxRelay */ = {
			isa = XCSwiftPackageProductDependency;
			package = 08B3A5D928503FD4007858B9 /* XCRemoteSwiftPackageReference "RxSwift" */;
			productName = RxRelay;
		};
		08B3A5DE28503FD5007858B9 /* RxSwift */ = {
			isa = XCSwiftPackageProductDependency;
			package = 08B3A5D928503FD4007858B9 /* XCRemoteSwiftPackageReference "RxSwift" */;
			productName = RxSwift;
		};
/* End XCSwiftPackageProductDependency section */

/* Begin XCVersionGroup section */
		08A47556284F566A00C0FEFF /* NaverMovieSearch.xcdatamodeld */ = {
			isa = XCVersionGroup;
			children = (
				08A47557284F566A00C0FEFF /* NaverMovieSearch.xcdatamodel */,
			);
			currentVersion = 08A47557284F566A00C0FEFF /* NaverMovieSearch.xcdatamodel */;
			path = NaverMovieSearch.xcdatamodeld;
			sourceTree = "<group>";
			versionGroupType = wrapper.xcdatamodel;
		};
/* End XCVersionGroup section */
	};
	rootObject = 08A47542284F566A00C0FEFF /* Project object */;
}
